code.cloudfoundry.org/bytefmt v0.0.0-20180108190415-b31f603f5e1e h1:R3Kkucb2Lbd/gFOKivb+HidzSL5o8eB+eWL2YqoIOss=
code.cloudfoundry.org/bytefmt v0.0.0-20180108190415-b31f603f5e1e/go.mod h1:wN/zk7mhREp/oviagqUXY3EwuHhWyOvAdsn5Y4CzOrc=
code.cloudfoundry.org/cli v6.38.0+incompatible h1:hMobKRvaN6GAMzUYcIh6y6LyyotP8ig5i/v3yz2hrNo=
code.cloudfoundry.org/cli v6.38.0+incompatible/go.mod h1:e4d+EpbwevNhyTZKybrLlyTvpH+W22vMsmdmcTxs/Fo=
code.cloudfoundry.org/clock v0.0.0-20180518195852-02e53af36e6c h1:5eeuG0BHx1+DHeT3AP+ISKZ2ht1UjGhm581ljqYpVeQ=
code.cloudfoundry.org/clock v0.0.0-20180518195852-02e53af36e6c/go.mod h1:QD9Lzhd/ux6eNQVUDVRJX/RKTigpewimNYBi7ivZKY8=
code.cloudfoundry.org/garden v0.0.0-20180820151144-7999b305fe99 h1:OyV+Kz/EvfZuE3VivmP2V+e/dt+FG1GmGe+rwbDcLWo=
code.cloudfoundry.org/garden v0.0.0-20180820151144-7999b305fe99/go.mod h1:9edl55ou1627lC7chvtltZ561+iITkNTzkZsLgohU8s=
code.cloudfoundry.org/lager v1.1.0 h1:v0RELJ2jqTeF2DW7PNjZaaGlrXbVxJBVz3uLxdP3fuY=
code.cloudfoundry.org/lager v1.1.0/go.mod h1:O2sS7gKP3HM2iemG+EnwvyNQK7pTSC6Foi4QiMp9sSk=
github.com/SermoDigital/jose v0.9.1 h1:atYaHPD3lPICcbK1owly3aPm0iaJGSGPi0WD4vLznv8=
github.com/SermoDigital/jose v0.9.1/go.mod h1:ARgCUhI1MHQH+ONky/PAtmVHQrP5JlGY0F3poXOp/fA=
github.com/blang/semver v3.5.1+incompatible h1:cQNTCjp13qL8KC3Nbxr/y2Bqb63oX6wdnnjpJbkM4JQ=
github.com/blang/semver v3.5.1+incompatible/go.mod h1:kRBLl5iJ+tD4TcOOxsy/0fnwebNt5EWlYSAyrTnjyyk=
github.com/bmatcuk/doublestar v1.1.1 h1:YroD6BJCZBYx06yYFEWvUuKVWQn3vLLQAVmDmvTSaiQ=
github.com/bmatcuk/doublestar v1.1.1/go.mod h1:UD6OnuiIn0yFxxA2le/rnRU1G4RaI4UvFv1sNto9p6w=
github.com/bmizerany/pat v0.0.0-20170815010413-6226ea591a40 h1:y4B3+GPxKlrigF1ha5FFErxK+sr6sWxQovRMzwMhejo=
github.com/bmizerany/pat v0.0.0-20170815010413-6226ea591a40/go.mod h1:8rLXio+WjiTceGBHIoTvn60HIbs7Hm7bcHjyrSqYB9c=
github.com/c4milo/gotoolkit v0.0.0-20170704181456-e37eeabad07e h1:B+fNqqwSow3z33CixLfLNKZcljeFRoo7le59tjf9jFM=
github.com/c4milo/gotoolkit v0.0.0-20170704181456-e37eeabad07e/go.mod h1:txokOny9wavBtq2PWuHmj1P+eFwpCsj+gQeNNANChfU=
github.com/charlievieth/fs v0.0.0-20170613215519-7dc373669fa1 h1:vTlpHKxJqykyKdW9bkrDJNWeKNuSIAJ0TP/K4lRsz/Q=
github.com/charlievieth/fs v0.0.0-20170613215519-7dc373669fa1/go.mod h1:sAoA1zHCH4FJPE2gne5iBiiVG66U7Nyp6JqlOo+FEyg=
github.com/cheggaaa/pb v2.0.6+incompatible h1:sutSx+mRaNbeJUMCAtyqNWU/tQ0B/xBm+hyb1JQmQYs=
github.com/cheggaaa/pb v2.0.6+incompatible/go.mod h1:pQciLPpbU0oxA0h+VJYYLxO+XeDQb5pZijXscXHm81s=
github.com/cloudfoundry/bosh-cli v5.2.1+incompatible h1:vCwOg9+NPO2cwEE0Py6PjFR0bB27FZ7xTX4vZ2XIWZg=
github.com/cloudfoundry/bosh-cli v5.2.1+incompatible/go.mod h1:rzIB+e1sn7wQL/TJ54bl/FemPKRhXby5BIMS3tLuWFM=
github.com/cloudfoundry/bosh-utils v0.0.0-20180725223622-407dd7546455 h1:iLnjvzwYY8s8m6dAHpn8F0wmHEGk+sOP0NIi8SBmVZM=
github.com/cloudfoundry/bosh-utils v0.0.0-20180725223622-407dd7546455/go.mod h1:JCrKwetZGjxbfq1U139TZuXDBfdGLtjOEAfxMWKV/QM=
github.com/cloudfoundry/go-socks5 v0.0.0-20180221174514-54f73bdb8a8e h1:FQdRViaoDphGRfgrotl2QGsX1gbloe57dbGBS5CG6KY=
github.com/cloudfoundry/go-socks5 v0.0.0-20180221174514-54f73bdb8a8e/go.mod h1:PXmcacyJB/pJjSxEl15IU6rEIKXrhZQRzsr0UTkgNNs=
github.com/cloudfoundry/socks5-proxy v0.0.0-20180530211953-3659db090cb2 h1:9j2KbUEQn5E7MEV3enSrkJTrBC0iDbosW5gXX+Z+dLE=
github.com/cloudfoundry/socks5-proxy v0.0.0-20180530211953-3659db090cb2/go.mod h1:0a+Ghg38uB86Dx+de84dFSkILTnBHzCpFMRnjHgSzi4=
github.com/cppforlife/go-patch v0.0.0-20171006213518-250da0e0e68c h1:L6Qwcfk/qeD05lCaMxjhn8fCKNAVEWOBn1vqU7KJHtk=
github.com/cppforlife/go-patch v0.0.0-20171006213518-250da0e0e68c/go.mod h1:67a7aIi94FHDZdoeGSJRRFDp66l9MhaAG1yGxpUoFD8=
github.com/cppforlife/go-semi-semantic v0.0.0-20160921010311-576b6af77ae4 h1:J+ghqo7ZubTzelkjo9hntpTtP/9lUCWH9icEmAW+B+Q=
github.com/cppforlife/go-semi-semantic v0.0.0-20160921010311-576b6af77ae4/go.mod h1:socxpf5+mELPbosI149vWpNlHK6mbfWFxSWOoSndXR8=
github.com/denisbrodbeck/machineid v1.0.0 h1:6tMg1EaB3r/EfIqKS0on/pvkRBZJAXH3fmSLGi8SWf0=
github.com/denisbrodbeck/machineid v1.0.0/go.mod h1:dJUwb7PTidGDeYyUBmXZ2GphQBbjJCrnectwCyxcUSI=
github.com/dustin/go-humanize v0.0.0-20180713052910-9f541cc9db5d h1:lDrio3iIdNb0Gw9CgH7cQF+iuB5mOOjdJ9ERNJCBgb4=
github.com/dustin/go-humanize v0.0.0-20180713052910-9f541cc9db5d/go.mod h1:HtrtbFcZ19U5GC7JDqmcUSB87Iq5E25KnS6fMYU6eOk=
github.com/fatih/color v1.7.0 h1:DkWD4oS2D8LGGgTQ6IvwJJXSL5Vp2ffcQg58nFV38Ys=
github.com/fatih/color v1.7.0/go.mod h1:Zm6kSWBoL9eyXnKyktHP6abPY2pDugNf5KwzbycvMj4=
github.com/golang/mock v1.1.1 h1:G5FRp8JnTd7RQH5kemVNlMeyXQAztQ3mOWV95KxsXH8=
github.com/golang/mock v1.1.1/go.mod h1:oTYuIxOrZwtPieC+H1uAHpcLFnEyAGVDL/k47Jfbm0A=
github.com/hooklift/iso9660 v1.0.0 h1:GYN0ejrqTl1qtB+g+ics7xxWHp7J2B1zmr25O9EyG3c=
github.com/hooklift/iso9660 v1.0.0/go.mod h1:sOC47ru8lB0DlU0EZ7BJ0KCP5rDqOvx0c/5K5ADm8H0=
github.com/hpcloud/tail v1.0.0 h1:nfCOvKYfkgYP8hkirhJocXT2+zOD8yUNjXaWfTlyFKI=
github.com/hpcloud/tail v1.0.0/go.mod h1:ab1qPbhIpdTxEkNHXyeSf5vhxWSCs/tWer42PpOxQnU=
github.com/inconshreveable/mousetrap v1.0.0 h1:Z8tu5sraLXCXIcARxBp/8cbvlwVa7Z1NHg9XEKhtSvM=
github.com/inconshreveable/mousetrap v1.0.0/go.mod h1:PxqpIevigyE2G7u3NXJIT2ANytuPF1OarO4DADm73n8=
github.com/lunixbochs/vtclean v0.0.0-20180621232353-2d01aacdc34a h1:weJVJJRzAJBFRlAiJQROKQs8oC9vOxvm4rZmBBk0ONw=
github.com/lunixbochs/vtclean v0.0.0-20180621232353-2d01aacdc34a/go.mod h1:pHhQNgMf3btfWnGBVipUOjRYhoOsdGqdm/+2c2E2WMI=
github.com/mattn/go-colorable v0.0.9 h1:UVL0vNpWh04HeJXV0KLcaT7r06gOH2l4OW6ddYRUIY4=
github.com/mattn/go-colorable v0.0.9/go.mod h1:9vuHe8Xs5qXnSaW/c/ABM9alt+Vo+STaOChaDxuIBZU=
github.com/mattn/go-isatty v0.0.4 h1:bnP0vzxcAdeI1zdubAl5PjU6zsERjGZb7raWodagDYs=
github.com/mattn/go-isatty v0.0.4/go.mod h1:M+lRXTBqGeGNdLjl/ufCoiOlB5xdOkqRJdNxMWT7Zi4=
github.com/mattn/go-runewidth v0.0.3 h1:a+kO+98RDGEfo6asOGMmpodZq4FNtnGP54yps8BzLR4=
github.com/mattn/go-runewidth v0.0.3/go.mod h1:LwmH8dsx7+W8Uxz3IHJYH5QSwggIsqBzpuz5H//U1FU=
github.com/nu7hatch/gouuid v0.0.0-20131221200532-179d4d0c4d8d h1:VhgPp6v9qf9Agr/56bj7Y/xa04UccTW04VP0Qed4vnQ=
github.com/nu7hatch/gouuid v0.0.0-20131221200532-179d4d0c4d8d/go.mod h1:YUTz3bUH2ZwIWBy3CJBeOBEugqcmXREj14T+iG/4k4U=
github.com/onsi/ginkgo v1.6.0 h1:Ix8l273rp3QzYgXSR+c8d1fTG7UPgYkOSELPhiY/YGw=
github.com/onsi/ginkgo v1.6.0/go.mod h1:lLunBs/Ym6LB5Z9jYTR76FiuTmxDTDusOGeTQH+WWjE=
github.com/onsi/gomega v1.4.1 h1:PZSj/UFNaVp3KxrzHOcS7oyuWA7LoOY/77yCTEFu21U=
github.com/onsi/gomega v1.4.1/go.mod h1:C1qb7wdrVGGVU+Z6iS04AVkA3Q65CEZX59MT0QO5uiA=
github.com/pcfdev-forks/bosh-cli v0.0.0-20180831162148-70729ce5b5db h1:x2ctHUjqOqUZPzbMomQfS+JLKvcZsWPhi4ZdC767euU=
github.com/pcfdev-forks/bosh-cli v0.0.0-20180831162148-70729ce5b5db/go.mod h1:MUA3P3AvXT9LUfuQKcB0WALvNyZmJQqF0ulYUg5hA2k=
github.com/pcfdev-forks/bosh-cli v2.0.42-0.20180831162148-70729ce5b5db+incompatible h1:TAUCkH+bvXdJ1HaO+pzJiy9RwsRHbQ/c+kWSejOlZ58=
github.com/pcfdev-forks/bosh-cli v2.0.42-0.20180831162148-70729ce5b5db+incompatible/go.mod h1:MUA3P3AvXT9LUfuQKcB0WALvNyZmJQqF0ulYUg5hA2k=
github.com/pcfdev-forks/bosh-cli v2.0.42+incompatible h1:u+1AQtq1xEmke3/+kjFlrFSafGIoz0QwhLLTIoqL6WY=
github.com/pcfdev-forks/bosh-cli v2.0.42+incompatible/go.mod h1:MUA3P3AvXT9LUfuQKcB0WALvNyZmJQqF0ulYUg5hA2k=
github.com/pivotal-cf/paraphernalia v0.0.0-20180203224945-a64ae2051c20 h1:DR5eMfe2+6GzLkVyWytdtgUxgbPiOfvKDuqityTV3y8=
github.com/pivotal-cf/paraphernalia v0.0.0-20180203224945-a64ae2051c20/go.mod h1:Y3IqE20LKprEpLkXb7gXinJf4vvDdQe/BS8E4kL/dgE=
github.com/segmentio/backo-go v0.0.0-20160424052352-204274ad699c h1:rsRTAcCR5CeNLkvgBVSjQoDGRRt6kggsE6XYBqCv2KQ=
github.com/segmentio/backo-go v0.0.0-20160424052352-204274ad699c/go.mod h1:kJ9mm9YmoWSkk+oQ+5Cj8DEoRCX2JT6As4kEtIIOp1M=
github.com/sirupsen/logrus v1.0.6 h1:hcP1GmhGigz/O7h1WVUM5KklBp1JoNS9FggWKdj/j3s=
github.com/sirupsen/logrus v1.0.6/go.mod h1:pMByvHTf9Beacp5x1UXfOR9xyW/9antXMhjMPG0dEzc=
github.com/spf13/cobra v0.0.3 h1:ZlrZ4XsMRm04Fr5pSFxBgfND2EBVa1nLpiy1stUsX/8=
github.com/spf13/cobra v0.0.3/go.mod h1:1l0Ry5zgKvJasoi3XT1TypsSe7PqH0Sj9dhYf7v3XqQ=
github.com/spf13/pflag v1.0.2 h1:Fy0orTDgHdbnzHcsOgfCN4LtHf0ec3wwtiwJqwvf3Gc=
github.com/spf13/pflag v1.0.2/go.mod h1:DYY7MBk1bdzusC3SYhjObp+wFpr4gzcvqqNjLnInEg4=
github.com/tedsuo/rata v1.0.0 h1:Sf9aZrYy6ElSTncjnGkyC2yuVvz5YJetBIUKJ4CmeKE=
github.com/tedsuo/rata v1.0.0/go.mod h1:X47ELzhOoLbfFIY0Cql9P6yo3Cdwf2CMX3FVZxRzJPc=
github.com/vito/go-interact v0.0.0-20171111012221-fa338ed9e9ec h1:Klu98tQ9Z1t23gvC7p7sCmvxkZxLhBHLNyrUPsWsYFg=
github.com/vito/go-interact v0.0.0-20171111012221-fa338ed9e9ec/go.mod h1:wPlfmglZmRWMYv/qJy3P+fK/UnoQB5ISk4txfNd9tDo=
github.com/xtgo/uuid v0.0.0-20140804021211-a0b114877d4c h1:3lbZUMbMiGUW/LMkfsEABsc5zNT9+b1CvsJx47JzJ8g=
github.com/xtgo/uuid v0.0.0-20140804021211-a0b114877d4c/go.mod h1:UrdRz5enIKZ63MEE3IF9l2/ebyx59GyGgPi+tICQdmM=
golang.org/x/crypto v0.0.0-20180830192347-182538f80094 h1:rVTAlhYa4+lCfNxmAIEOGQRoD23UqP72M3+rSWVGDTg=
golang.org/x/crypto v0.0.0-20180830192347-182538f80094/go.mod h1:6SG95UA2DQfeDnfUPMdvaQW0Q7yPrPDi9nlGo2tz2b4=
golang.org/x/net v0.0.0-20180826012351-8a410e7b638d h1:g9qWBGx4puODJTMVyoPrpoxPFgVGd+z1DZwjfRu4d0I=
golang.org/x/net v0.0.0-20180826012351-8a410e7b638d/go.mod h1:mL1N/T3taQHkDXs73rZJwtUhF3w3ftmwwsq0BUmARs4=
golang.org/x/oauth2 v0.0.0-20180821212333-d2e6202438be h1:vEDujvNQGv4jgYKudGeI/+DAX4Jffq6hpD55MmoEvKs=
golang.org/x/oauth2 v0.0.0-20180821212333-d2e6202438be/go.mod h1:N/0e6XlmueqKjAGxoOufVs8QHGRruUQn6yWY3a++T0U=
golang.org/x/sys v0.0.0-20180831094639-fa5fdf94c789 h1:T8D7l6WB3tLu+VpKvw06ieD/OhBi1XpJmG1U/FtttZg=
golang.org/x/sys v0.0.0-20180831094639-fa5fdf94c789/go.mod h1:STP8DvDyc/dI5b8T5hshtkjS+E42TnysNCUPdjciGhY=
golang.org/x/text v0.3.0 h1:g61tztE5qeGQ89tm6NTjjM9VPIm088od1l6aSorWRWg=
golang.org/x/text v0.3.0/go.mod h1:NqM8EUOU14njkJ3fqMW+pc6Ldnwhi/IjpwHt7yyuwOQ=
gopkg.in/VividCortex/ewma.v1 v1.1.1 h1:tWHEKkKq802K/JT9RiqGCBU5fW3raAPnJGTE9ostZvg=
gopkg.in/VividCortex/ewma.v1 v1.1.1/go.mod h1:TekXuFipeiHWiAlO1+wSS23vTcyFau5u3rxXUSXj710=
gopkg.in/check.v1 v0.0.0-20161208181325-20d25e280405/go.mod h1:Co6ibVJAznAaIkqp8huTwlJQCZ016jof/cbN4VW5Yz0=
gopkg.in/cheggaaa/pb.v1 v1.0.25 h1:Ev7yu1/f6+d+b3pi5vPdRPc6nNtP1umSfcWiEfRqv6I=
gopkg.in/cheggaaa/pb.v1 v1.0.25/go.mod h1:V/YB90LKu/1FcN3WVnfiiE5oMCibMjukxqG/qStrOgw=
gopkg.in/cheggaaa/pb.v2 v2.0.6 h1:L2KAo2l2ZQTzxmh8b9RdQpzgLpK2mX3paGCMJSUugBk=
gopkg.in/cheggaaa/pb.v2 v2.0.6/go.mod h1:0CiZ1p8pvtxBlQpLXkHuUTpdJ1shm3OqCF1QugkjHL4=
gopkg.in/fatih/color.v1 v1.7.0 h1:bYGjb+HezBM6j/QmgBfgm1adxHpzzrss6bj4r9ROppk=
gopkg.in/fatih/color.v1 v1.7.0/go.mod h1:P7yosIhqIl/sX8J8UypY5M+dDpD2KmyfP5IRs5v/fo0=
gopkg.in/fsnotify.v1 v1.4.7 h1:xOHLXZwVvI9hhs+cLKq5+I5onOuwQLhQwiu63xxlHs4=
gopkg.in/fsnotify.v1 v1.4.7/go.mod h1:Tz8NjZHkW78fSQdbUxIjBTcgA1z1m8ZHf0WmKUhAMys=
gopkg.in/mattn/go-colorable.v0 v0.0.9 h1:hdmPK5LuJJJH1MRy2o35WJEtn2BlFmHOZEqMqlRCwdM=
gopkg.in/mattn/go-colorable.v0 v0.0.9/go.mod h1:BVJlBXzARQxdi3nZo6f6bnl5yR20/tOL6p+V0KejgSY=
gopkg.in/mattn/go-isatty.v0 v0.0.4 h1:NtS1rQGQr4IaFWBGz4Cz4BhB///gyys4gDVtKA7hIsc=
gopkg.in/mattn/go-isatty.v0 v0.0.4/go.mod h1:wt691ab7g0X4ilKZNmMII3egK0bTxl37fEn/Fwbd8gc=
gopkg.in/mattn/go-runewidth.v0 v0.0.3 h1:cXMwTrrtdbCi1moCIZo5RXtWN0e7bkiV1oFq3gk4Qng=
gopkg.in/mattn/go-runewidth.v0 v0.0.3/go.mod h1:BmXejnxvhwdaATwiJbB1vZ2dtXkQKZGu9yLFCZb4msQ=
gopkg.in/segmentio/analytics-go.v3 v3.0.0 h1:CyPSnB9Y3MhF/lL71ARYukL7Si55KADW9fGJFDEPG0E=
gopkg.in/segmentio/analytics-go.v3 v3.0.0/go.mod h1:4QqqlTlSSpVlWA9/9nDcPw+FkM2yv1NQoYjUbL9/JAw=
gopkg.in/tomb.v1 v1.0.0-20141024135613-dd632973f1e7 h1:uRGJdciOHaEIrze2W8Q3AKkepLTh2hOroT7a+7czfdQ=
gopkg.in/tomb.v1 v1.0.0-20141024135613-dd632973f1e7/go.mod h1:dt/ZhP58zS4L8KSrWDmTeBkI65Dw0HsyUHuEVlX15mw=
gopkg.in/yaml.v2 v2.2.1 h1:mUhvW9EsL+naU5Q3cakzfE91YhliOondGd6ZrsDBHQE=
gopkg.in/yaml.v2 v2.2.1/go.mod h1:hI93XBmqTisBFMUTm0b8Fm+jr3Dg1NNxqwp+5A1VGuI=
